
Microsoft Visual Studio Solution File, Format Version 12.00
# Visual Studio 15
VisualStudioVersion = 15.0.27428.2043
MinimumVisualStudioVersion = 10.0.40219.1
Project("{FAE04EC0-301F-11D3-BF4B-00C04F79EFBC}") = "Amane", "Amane\Amane.csproj", "{A334AB97-9A25-4A67-BEBD-354FBAC003AB}"
EndProject
Global
	GlobalSection(SolutionConfigurationPlatforms) = preSolution
		Debug|Any CPU = Debug|Any CPU
		Release|Any CPU = Release|Any CPU
	EndGlobalSection
	GlobalSection(ProjectConfigurationPlatforms) = postSolution
		{A334AB97-9A25-4A67-BEBD-354FBAC003AB}.Debug|Any CPU.ActiveCfg = Debug|Any CPU
		{A334AB97-9A25-4A67-BEBD-354FBAC003AB}.Debug|Any CPU.Build.0 = Debug|Any CPU
		{A334AB97-9A25-4A67-BEBD-354FBAC003AB}.Release|Any CPU.ActiveCfg = Release|Any CPU
		{A334AB97-9A25-4A67-BEBD-354FBAC003AB}.Release|Any CPU.Build.0 = Release|Any CPU
	EndGlobalSection
	GlobalSection(SolutionProperties) = preSolution
		HideSolutionNode = FALSE
	EndGlobalSection
	GlobalSection(ExtensibilityGlobals) = postSolution
		SolutionGuid = {628E8F65-73A9-4B24-BF84-5D0C190D7E82}
	EndGlobalSection
EndGlobal
